
Microsoft Visual Studio Solution File, Format Version 12.00
# Visual Studio 15
VisualStudioVersion = 15.0.27703.2000
MinimumVisualStudioVersion = 10.0.40219.1
Project("{FAE04EC0-301F-11D3-BF4B-00C04F79EFBC}") = "ConsoleApp1", "ConsoleApp1\ConsoleApp1.csproj", "{848606F4-00FB-4036-B9A1-7EAA016CEEBA}"
EndProject
Global
	GlobalSection(SolutionConfigurationPlatforms) = preSolution
		Debug|Any CPU = Debug|Any CPU
		Release|Any CPU = Release|Any CPU
	EndGlobalSection
	GlobalSection(ProjectConfigurationPlatforms) = postSolution
		{848606F4-00FB-4036-B9A1-7EAA016CEEBA}.Debug|Any CPU.ActiveCfg = Debug|Any CPU
		{848606F4-00FB-4036-B9A1-7EAA016CEEBA}.Debug|Any CPU.Build.0 = Debug|Any CPU
		{848606F4-00FB-4036-B9A1-7EAA016CEEBA}.Release|Any CPU.ActiveCfg = Release|Any CPU
		{848606F4-00FB-4036-B9A1-7EAA016CEEBA}.Release|Any CPU.Build.0 = Release|Any CPU
	EndGlobalSection
	GlobalSection(SolutionProperties) = preSolution
		HideSolutionNode = FALSE
	EndGlobalSection
	GlobalSection(ExtensibilityGlobals) = postSolution
		SolutionGuid = {3E70E20E-02F9-43C1-BA23-8FFF685EC205}
	EndGlobalSection
EndGlobal
